// !$*UTF8*$!
{
	archiveVersion = 1;
	classes = {
	};
	objectVersion = 56;
	objects = {

/* Begin PBXBuildFile section */
		C90335E928FDDFE600D8C7D2 /* FirebaseFirestoreAccessible.swift in Sources */ = {isa = PBXBuildFile; fileRef = C90335E828FDDFE600D8C7D2 /* FirebaseFirestoreAccessible.swift */; };
		C90335EE28FDE38200D8C7D2 /* FirebaseAuthAccessible.swift in Sources */ = {isa = PBXBuildFile; fileRef = C90335ED28FDE38200D8C7D2 /* FirebaseAuthAccessible.swift */; };
		C90335F028FDF10F00D8C7D2 /* ProfileView.swift in Sources */ = {isa = PBXBuildFile; fileRef = C90335EF28FDF10F00D8C7D2 /* ProfileView.swift */; };
		C90335F228FDF6DD00D8C7D2 /* FirebaseFirestoreManagement.swift in Sources */ = {isa = PBXBuildFile; fileRef = C90335F128FDF6DD00D8C7D2 /* FirebaseFirestoreManagement.swift */; };
		C916F41E28F8831B000E5B73 /* String+Extensions.swift in Sources */ = {isa = PBXBuildFile; fileRef = C916F41D28F8831B000E5B73 /* String+Extensions.swift */; };
		C916F42528F89F15000E5B73 /* MainViewController.swift in Sources */ = {isa = PBXBuildFile; fileRef = C916F42428F89F15000E5B73 /* MainViewController.swift */; };
		C916F42728F89F43000E5B73 /* MainView.swift in Sources */ = {isa = PBXBuildFile; fileRef = C916F42628F89F43000E5B73 /* MainView.swift */; };
		C916F42A28F8A42E000E5B73 /* FirebaseRemoteConfig in Frameworks */ = {isa = PBXBuildFile; productRef = C916F42928F8A42E000E5B73 /* FirebaseRemoteConfig */; };
		C93234A528FBF01E004443B4 /* FlickrApi.swift in Sources */ = {isa = PBXBuildFile; fileRef = C93234A428FBF01E004443B4 /* FlickrApi.swift */; };
		C93234AA28FBFAE8004443B4 /* TabBarViewController.swift in Sources */ = {isa = PBXBuildFile; fileRef = C93234A928FBFAE8004443B4 /* TabBarViewController.swift */; };
		C93234AE28FC011F004443B4 /* Assets.xcassets in Resources */ = {isa = PBXBuildFile; fileRef = C93234AD28FC011F004443B4 /* Assets.xcassets */; };
		C93234B828FC083E004443B4 /* SearchViewController.swift in Sources */ = {isa = PBXBuildFile; fileRef = C93234B728FC083E004443B4 /* SearchViewController.swift */; };
		C93234BA28FC087E004443B4 /* ProfileViewController.swift in Sources */ = {isa = PBXBuildFile; fileRef = C93234B928FC087E004443B4 /* ProfileViewController.swift */; };
		C93234BC28FC08F5004443B4 /* RecentPhotosResponse.swift in Sources */ = {isa = PBXBuildFile; fileRef = C93234BB28FC08F5004443B4 /* RecentPhotosResponse.swift */; };
		C93234BE28FC0984004443B4 /* Photo.swift in Sources */ = {isa = PBXBuildFile; fileRef = C93234BD28FC0984004443B4 /* Photo.swift */; };
		C93234C028FC09DF004443B4 /* Photos.swift in Sources */ = {isa = PBXBuildFile; fileRef = C93234BF28FC09DF004443B4 /* Photos.swift */; };
		C93234C328FC387F004443B4 /* Encodable+Extensions.swift in Sources */ = {isa = PBXBuildFile; fileRef = C93234C228FC387F004443B4 /* Encodable+Extensions.swift */; };
		C93234C528FC3973004443B4 /* MainViewViewModel.swift in Sources */ = {isa = PBXBuildFile; fileRef = C93234C428FC3973004443B4 /* MainViewViewModel.swift */; };
		C93234C928FC467E004443B4 /* MainViewCustomCell.swift in Sources */ = {isa = PBXBuildFile; fileRef = C93234C828FC467E004443B4 /* MainViewCustomCell.swift */; };
		C93234CB28FC5491004443B4 /* CGFloat+Extensions.swift in Sources */ = {isa = PBXBuildFile; fileRef = C93234CA28FC5491004443B4 /* CGFloat+Extensions.swift */; };
		C93234CD28FC6FEB004443B4 /* KingfisherOperations.swift in Sources */ = {isa = PBXBuildFile; fileRef = C93234CC28FC6FEB004443B4 /* KingfisherOperations.swift */; };
		C93234CF28FCAA23004443B4 /* SearchView.swift in Sources */ = {isa = PBXBuildFile; fileRef = C93234CE28FCAA23004443B4 /* SearchView.swift */; };
		C93234D128FCAA8B004443B4 /* SearchViewCell.swift in Sources */ = {isa = PBXBuildFile; fileRef = C93234D028FCAA8B004443B4 /* SearchViewCell.swift */; };
		C93234D328FCAC91004443B4 /* SearchViewModel.swift in Sources */ = {isa = PBXBuildFile; fileRef = C93234D228FCAC91004443B4 /* SearchViewModel.swift */; };
		C93D65F028F753C900F32BE6 /* AppDelegate.swift in Sources */ = {isa = PBXBuildFile; fileRef = C93D65EF28F753C900F32BE6 /* AppDelegate.swift */; };
		C93D65F228F753C900F32BE6 /* SceneDelegate.swift in Sources */ = {isa = PBXBuildFile; fileRef = C93D65F128F753C900F32BE6 /* SceneDelegate.swift */; };
		C93D65F428F753C900F32BE6 /* AuthenticationViewController.swift in Sources */ = {isa = PBXBuildFile; fileRef = C93D65F328F753C900F32BE6 /* AuthenticationViewController.swift */; };
		C93D65FC28F753CA00F32BE6 /* LaunchScreen.storyboard in Resources */ = {isa = PBXBuildFile; fileRef = C93D65FA28F753CA00F32BE6 /* LaunchScreen.storyboard */; };
		C93D660528F754BC00F32BE6 /* Moya in Frameworks */ = {isa = PBXBuildFile; productRef = C93D660428F754BC00F32BE6 /* Moya */; };
		C93D660828F754DC00F32BE6 /* SnapKit in Frameworks */ = {isa = PBXBuildFile; productRef = C93D660728F754DC00F32BE6 /* SnapKit */; };
		C93D660B28F754F800F32BE6 /* Kingfisher in Frameworks */ = {isa = PBXBuildFile; productRef = C93D660A28F754F800F32BE6 /* Kingfisher */; };
		C93D660D28F7551F00F32BE6 /* AuthenticationView.swift in Sources */ = {isa = PBXBuildFile; fileRef = C93D660C28F7551F00F32BE6 /* AuthenticationView.swift */; };
		C93D661028F755BF00F32BE6 /* FirebaseAnalytics in Frameworks */ = {isa = PBXBuildFile; productRef = C93D660F28F755BF00F32BE6 /* FirebaseAnalytics */; };
		C93D661228F755BF00F32BE6 /* FirebaseAuth in Frameworks */ = {isa = PBXBuildFile; productRef = C93D661128F755BF00F32BE6 /* FirebaseAuth */; };
		C93D661628F755C000F32BE6 /* FirebaseFirestore in Frameworks */ = {isa = PBXBuildFile; productRef = C93D661528F755C000F32BE6 /* FirebaseFirestore */; };
		C93D661A28F755C000F32BE6 /* FirebaseFirestoreSwift in Frameworks */ = {isa = PBXBuildFile; productRef = C93D661928F755C000F32BE6 /* FirebaseFirestoreSwift */; };
		C93D661C28F755DE00F32BE6 /* GoogleService-Info.plist in Resources */ = {isa = PBXBuildFile; fileRef = C93D661B28F755DE00F32BE6 /* GoogleService-Info.plist */; };
		C96879E02900597700881A79 /* RemoteConfigDefaults.plist in Resources */ = {isa = PBXBuildFile; fileRef = C96879DF2900597700881A79 /* RemoteConfigDefaults.plist */; };
		C96879E22900599A00881A79 /* AuthenticationViewModel.swift in Sources */ = {isa = PBXBuildFile; fileRef = C96879E12900599A00881A79 /* AuthenticationViewModel.swift */; };
		C9687A51290076FF00881A79 /* IQTextView.swift in Sources */ = {isa = PBXBuildFile; fileRef = C9687A36290076FE00881A79 /* IQTextView.swift */; };
		C9687A52290076FF00881A79 /* IQKeyboardManager+Internal.swift in Sources */ = {isa = PBXBuildFile; fileRef = C9687A37290076FE00881A79 /* IQKeyboardManager+Internal.swift */; };
		C9687A53290076FF00881A79 /* IQPreviousNextView.swift in Sources */ = {isa = PBXBuildFile; fileRef = C9687A39290076FE00881A79 /* IQPreviousNextView.swift */; };
		C9687A54290076FF00881A79 /* IQTitleBarButtonItem.swift in Sources */ = {isa = PBXBuildFile; fileRef = C9687A3A290076FE00881A79 /* IQTitleBarButtonItem.swift */; };
		C9687A55290076FF00881A79 /* IQBarButtonItem.swift in Sources */ = {isa = PBXBuildFile; fileRef = C9687A3B290076FE00881A79 /* IQBarButtonItem.swift */; };
		C9687A56290076FF00881A79 /* IQToolbar.swift in Sources */ = {isa = PBXBuildFile; fileRef = C9687A3C290076FE00881A79 /* IQToolbar.swift */; };
		C9687A57290076FF00881A79 /* IQUIView+IQKeyboardToolbar.swift in Sources */ = {isa = PBXBuildFile; fileRef = C9687A3D290076FE00881A79 /* IQUIView+IQKeyboardToolbar.swift */; };
		C9687A58290076FF00881A79 /* IQInvocation.swift in Sources */ = {isa = PBXBuildFile; fileRef = C9687A3E290076FE00881A79 /* IQInvocation.swift */; };
		C9687A59290076FF00881A79 /* IQKeyboardManager+UIKeyboardNotification.swift in Sources */ = {isa = PBXBuildFile; fileRef = C9687A3F290076FE00881A79 /* IQKeyboardManager+UIKeyboardNotification.swift */; };
		C9687A5A290076FF00881A79 /* IQKeyboardManagerConstantsInternal.swift in Sources */ = {isa = PBXBuildFile; fileRef = C9687A41290076FE00881A79 /* IQKeyboardManagerConstantsInternal.swift */; };
		C9687A5B290076FF00881A79 /* IQKeyboardManagerConstants.swift in Sources */ = {isa = PBXBuildFile; fileRef = C9687A42290076FE00881A79 /* IQKeyboardManagerConstants.swift */; };
		C9687A5C290076FF00881A79 /* IQKeyboardManager+Position.swift in Sources */ = {isa = PBXBuildFile; fileRef = C9687A43290076FE00881A79 /* IQKeyboardManager+Position.swift */; };
		C9687A5D290076FF00881A79 /* IQKeyboardReturnKeyHandler.swift in Sources */ = {isa = PBXBuildFile; fileRef = C9687A44290076FE00881A79 /* IQKeyboardReturnKeyHandler.swift */; };
		C9687A5E290076FF00881A79 /* IQKeyboardManager.swift in Sources */ = {isa = PBXBuildFile; fileRef = C9687A45290076FE00881A79 /* IQKeyboardManager.swift */; };
		C9687A5F290076FF00881A79 /* IQKeyboardManager+Debug.swift in Sources */ = {isa = PBXBuildFile; fileRef = C9687A46290076FE00881A79 /* IQKeyboardManager+Debug.swift */; };
		C9687A60290076FF00881A79 /* IQKeyboardManager+OrientationNotification.swift in Sources */ = {isa = PBXBuildFile; fileRef = C9687A47290076FE00881A79 /* IQKeyboardManager+OrientationNotification.swift */; };
		C9687A61290076FF00881A79 /* IQKeyboardManager+Toolbar.swift in Sources */ = {isa = PBXBuildFile; fileRef = C9687A48290076FE00881A79 /* IQKeyboardManager+Toolbar.swift */; };
		C9687A62290076FF00881A79 /* IQUIScrollView+Additions.swift in Sources */ = {isa = PBXBuildFile; fileRef = C9687A4B290076FE00881A79 /* IQUIScrollView+Additions.swift */; };
		C9687A63290076FF00881A79 /* IQUIViewController+Additions.swift in Sources */ = {isa = PBXBuildFile; fileRef = C9687A4C290076FE00881A79 /* IQUIViewController+Additions.swift */; };
		C9687A64290076FF00881A79 /* IQUITextFieldView+Additions.swift in Sources */ = {isa = PBXBuildFile; fileRef = C9687A4D290076FE00881A79 /* IQUITextFieldView+Additions.swift */; };
		C9687A65290076FF00881A79 /* IQUIView+Hierarchy.swift in Sources */ = {isa = PBXBuildFile; fileRef = C9687A4E290076FE00881A79 /* IQUIView+Hierarchy.swift */; };
		C9687A66290076FF00881A79 /* IQNSArray+Sort.swift in Sources */ = {isa = PBXBuildFile; fileRef = C9687A4F290076FE00881A79 /* IQNSArray+Sort.swift */; };
		C9687A67290076FF00881A79 /* IQKeyboardManager+UITextFieldViewNotification.swift in Sources */ = {isa = PBXBuildFile; fileRef = C9687A50290076FE00881A79 /* IQKeyboardManager+UITextFieldViewNotification.swift */; };
		C9FC8AF428FF348E004E54E1 /* ProfileViewCell.swift in Sources */ = {isa = PBXBuildFile; fileRef = C9FC8AF328FF348E004E54E1 /* ProfileViewCell.swift */; };
		C9FC8AF628FF4115004E54E1 /* SheetViewController.swift in Sources */ = {isa = PBXBuildFile; fileRef = C9FC8AF528FF4115004E54E1 /* SheetViewController.swift */; };
		C9FC8AFB28FF41CC004E54E1 /* SheetView.swift in Sources */ = {isa = PBXBuildFile; fileRef = C9FC8AFA28FF41CC004E54E1 /* SheetView.swift */; };
		C9FC8AFE28FF498B004E54E1 /* ProfileViewModel.swift in Sources */ = {isa = PBXBuildFile; fileRef = C9FC8AFD28FF498B004E54E1 /* ProfileViewModel.swift */; };
		C9FC8B0028FF55FF004E54E1 /* UsersChoices.swift in Sources */ = {isa = PBXBuildFile; fileRef = C9FC8AFF28FF55FF004E54E1 /* UsersChoices.swift */; };
		C9FC8B0328FF5EFA004E54E1 /* SheetViewModel.swift in Sources */ = {isa = PBXBuildFile; fileRef = C9FC8B0228FF5EFA004E54E1 /* SheetViewModel.swift */; };
		C9FC8B0528FF630F004E54E1 /* UIViewController+UIAdaptivePresentaionControllerDelegate.swift in Sources */ = {isa = PBXBuildFile; fileRef = C9FC8B0428FF630F004E54E1 /* UIViewController+UIAdaptivePresentaionControllerDelegate.swift */; };
/* End PBXBuildFile section */

/* Begin PBXFileReference section */
		C90335E828FDDFE600D8C7D2 /* FirebaseFirestoreAccessible.swift */ = {isa = PBXFileReference; lastKnownFileType = sourcecode.swift; path = FirebaseFirestoreAccessible.swift; sourceTree = "<group>"; };
		C90335ED28FDE38200D8C7D2 /* FirebaseAuthAccessible.swift */ = {isa = PBXFileReference; lastKnownFileType = sourcecode.swift; path = FirebaseAuthAccessible.swift; sourceTree = "<group>"; };
		C90335EF28FDF10F00D8C7D2 /* ProfileView.swift */ = {isa = PBXFileReference; lastKnownFileType = sourcecode.swift; path = ProfileView.swift; sourceTree = "<group>"; };
		C90335F128FDF6DD00D8C7D2 /* FirebaseFirestoreManagement.swift */ = {isa = PBXFileReference; lastKnownFileType = sourcecode.swift; path = FirebaseFirestoreManagement.swift; sourceTree = "<group>"; };
		C916F41D28F8831B000E5B73 /* String+Extensions.swift */ = {isa = PBXFileReference; lastKnownFileType = sourcecode.swift; path = "String+Extensions.swift"; sourceTree = "<group>"; };
		C916F42428F89F15000E5B73 /* MainViewController.swift */ = {isa = PBXFileReference; lastKnownFileType = sourcecode.swift; path = MainViewController.swift; sourceTree = "<group>"; };
		C916F42628F89F43000E5B73 /* MainView.swift */ = {isa = PBXFileReference; lastKnownFileType = sourcecode.swift; path = MainView.swift; sourceTree = "<group>"; };
		C93234A428FBF01E004443B4 /* FlickrApi.swift */ = {isa = PBXFileReference; lastKnownFileType = sourcecode.swift; path = FlickrApi.swift; sourceTree = "<group>"; };
		C93234A928FBFAE8004443B4 /* TabBarViewController.swift */ = {isa = PBXFileReference; lastKnownFileType = sourcecode.swift; path = TabBarViewController.swift; sourceTree = "<group>"; };
		C93234AD28FC011F004443B4 /* Assets.xcassets */ = {isa = PBXFileReference; lastKnownFileType = folder.assetcatalog; path = Assets.xcassets; sourceTree = "<group>"; };
		C93234B728FC083E004443B4 /* SearchViewController.swift */ = {isa = PBXFileReference; lastKnownFileType = sourcecode.swift; path = SearchViewController.swift; sourceTree = "<group>"; };
		C93234B928FC087E004443B4 /* ProfileViewController.swift */ = {isa = PBXFileReference; lastKnownFileType = sourcecode.swift; path = ProfileViewController.swift; sourceTree = "<group>"; };
		C93234BB28FC08F5004443B4 /* RecentPhotosResponse.swift */ = {isa = PBXFileReference; lastKnownFileType = sourcecode.swift; path = RecentPhotosResponse.swift; sourceTree = "<group>"; };
		C93234BD28FC0984004443B4 /* Photo.swift */ = {isa = PBXFileReference; lastKnownFileType = sourcecode.swift; path = Photo.swift; sourceTree = "<group>"; };
		C93234BF28FC09DF004443B4 /* Photos.swift */ = {isa = PBXFileReference; lastKnownFileType = sourcecode.swift; path = Photos.swift; sourceTree = "<group>"; };
		C93234C228FC387F004443B4 /* Encodable+Extensions.swift */ = {isa = PBXFileReference; lastKnownFileType = sourcecode.swift; path = "Encodable+Extensions.swift"; sourceTree = "<group>"; };
		C93234C428FC3973004443B4 /* MainViewViewModel.swift */ = {isa = PBXFileReference; lastKnownFileType = sourcecode.swift; path = MainViewViewModel.swift; sourceTree = "<group>"; };
		C93234C828FC467E004443B4 /* MainViewCustomCell.swift */ = {isa = PBXFileReference; lastKnownFileType = sourcecode.swift; path = MainViewCustomCell.swift; sourceTree = "<group>"; };
		C93234CA28FC5491004443B4 /* CGFloat+Extensions.swift */ = {isa = PBXFileReference; lastKnownFileType = sourcecode.swift; path = "CGFloat+Extensions.swift"; sourceTree = "<group>"; };
		C93234CC28FC6FEB004443B4 /* KingfisherOperations.swift */ = {isa = PBXFileReference; lastKnownFileType = sourcecode.swift; path = KingfisherOperations.swift; sourceTree = "<group>"; };
		C93234CE28FCAA23004443B4 /* SearchView.swift */ = {isa = PBXFileReference; lastKnownFileType = sourcecode.swift; path = SearchView.swift; sourceTree = "<group>"; };
		C93234D028FCAA8B004443B4 /* SearchViewCell.swift */ = {isa = PBXFileReference; lastKnownFileType = sourcecode.swift; path = SearchViewCell.swift; sourceTree = "<group>"; };
		C93234D228FCAC91004443B4 /* SearchViewModel.swift */ = {isa = PBXFileReference; lastKnownFileType = sourcecode.swift; path = SearchViewModel.swift; sourceTree = "<group>"; };
		C93D65EC28F753C900F32BE6 /* FlickerApiApp.app */ = {isa = PBXFileReference; explicitFileType = wrapper.application; includeInIndex = 0; path = FlickerApiApp.app; sourceTree = BUILT_PRODUCTS_DIR; };
		C93D65EF28F753C900F32BE6 /* AppDelegate.swift */ = {isa = PBXFileReference; lastKnownFileType = sourcecode.swift; path = AppDelegate.swift; sourceTree = "<group>"; };
		C93D65F128F753C900F32BE6 /* SceneDelegate.swift */ = {isa = PBXFileReference; lastKnownFileType = sourcecode.swift; path = SceneDelegate.swift; sourceTree = "<group>"; };
		C93D65F328F753C900F32BE6 /* AuthenticationViewController.swift */ = {isa = PBXFileReference; lastKnownFileType = sourcecode.swift; path = AuthenticationViewController.swift; sourceTree = "<group>"; };
		C93D65FB28F753CA00F32BE6 /* Base */ = {isa = PBXFileReference; lastKnownFileType = file.storyboard; name = Base; path = Base.lproj/LaunchScreen.storyboard; sourceTree = "<group>"; };
		C93D65FD28F753CA00F32BE6 /* Info.plist */ = {isa = PBXFileReference; lastKnownFileType = text.plist.xml; path = Info.plist; sourceTree = "<group>"; };
		C93D660C28F7551F00F32BE6 /* AuthenticationView.swift */ = {isa = PBXFileReference; lastKnownFileType = sourcecode.swift; path = AuthenticationView.swift; sourceTree = "<group>"; };
		C93D661B28F755DE00F32BE6 /* GoogleService-Info.plist */ = {isa = PBXFileReference; fileEncoding = 4; lastKnownFileType = text.plist.xml; path = "GoogleService-Info.plist"; sourceTree = "<group>"; };
		C96879DF2900597700881A79 /* RemoteConfigDefaults.plist */ = {isa = PBXFileReference; fileEncoding = 4; lastKnownFileType = text.plist.xml; path = RemoteConfigDefaults.plist; sourceTree = "<group>"; };
		C96879E12900599A00881A79 /* AuthenticationViewModel.swift */ = {isa = PBXFileReference; lastKnownFileType = sourcecode.swift; path = AuthenticationViewModel.swift; sourceTree = "<group>"; };
		C9687A36290076FE00881A79 /* IQTextView.swift */ = {isa = PBXFileReference; fileEncoding = 4; lastKnownFileType = sourcecode.swift; path = IQTextView.swift; sourceTree = "<group>"; };
		C9687A37290076FE00881A79 /* IQKeyboardManager+Internal.swift */ = {isa = PBXFileReference; fileEncoding = 4; lastKnownFileType = sourcecode.swift; path = "IQKeyboardManager+Internal.swift"; sourceTree = "<group>"; };
		C9687A39290076FE00881A79 /* IQPreviousNextView.swift */ = {isa = PBXFileReference; fileEncoding = 4; lastKnownFileType = sourcecode.swift; path = IQPreviousNextView.swift; sourceTree = "<group>"; };
		C9687A3A290076FE00881A79 /* IQTitleBarButtonItem.swift */ = {isa = PBXFileReference; fileEncoding = 4; lastKnownFileType = sourcecode.swift; path = IQTitleBarButtonItem.swift; sourceTree = "<group>"; };
		C9687A3B290076FE00881A79 /* IQBarButtonItem.swift */ = {isa = PBXFileReference; fileEncoding = 4; lastKnownFileType = sourcecode.swift; path = IQBarButtonItem.swift; sourceTree = "<group>"; };
		C9687A3C290076FE00881A79 /* IQToolbar.swift */ = {isa = PBXFileReference; fileEncoding = 4; lastKnownFileType = sourcecode.swift; path = IQToolbar.swift; sourceTree = "<group>"; };
		C9687A3D290076FE00881A79 /* IQUIView+IQKeyboardToolbar.swift */ = {isa = PBXFileReference; fileEncoding = 4; lastKnownFileType = sourcecode.swift; path = "IQUIView+IQKeyboardToolbar.swift"; sourceTree = "<group>"; };
		C9687A3E290076FE00881A79 /* IQInvocation.swift */ = {isa = PBXFileReference; fileEncoding = 4; lastKnownFileType = sourcecode.swift; path = IQInvocation.swift; sourceTree = "<group>"; };
		C9687A3F290076FE00881A79 /* IQKeyboardManager+UIKeyboardNotification.swift */ = {isa = PBXFileReference; fileEncoding = 4; lastKnownFileType = sourcecode.swift; path = "IQKeyboardManager+UIKeyboardNotification.swift"; sourceTree = "<group>"; };
		C9687A41290076FE00881A79 /* IQKeyboardManagerConstantsInternal.swift */ = {isa = PBXFileReference; fileEncoding = 4; lastKnownFileType = sourcecode.swift; path = IQKeyboardManagerConstantsInternal.swift; sourceTree = "<group>"; };
		C9687A42290076FE00881A79 /* IQKeyboardManagerConstants.swift */ = {isa = PBXFileReference; fileEncoding = 4; lastKnownFileType = sourcecode.swift; path = IQKeyboardManagerConstants.swift; sourceTree = "<group>"; };
		C9687A43290076FE00881A79 /* IQKeyboardManager+Position.swift */ = {isa = PBXFileReference; fileEncoding = 4; lastKnownFileType = sourcecode.swift; path = "IQKeyboardManager+Position.swift"; sourceTree = "<group>"; };
		C9687A44290076FE00881A79 /* IQKeyboardReturnKeyHandler.swift */ = {isa = PBXFileReference; fileEncoding = 4; lastKnownFileType = sourcecode.swift; path = IQKeyboardReturnKeyHandler.swift; sourceTree = "<group>"; };
		C9687A45290076FE00881A79 /* IQKeyboardManager.swift */ = {isa = PBXFileReference; fileEncoding = 4; lastKnownFileType = sourcecode.swift; path = IQKeyboardManager.swift; sourceTree = "<group>"; };
		C9687A46290076FE00881A79 /* IQKeyboardManager+Debug.swift */ = {isa = PBXFileReference; fileEncoding = 4; lastKnownFileType = sourcecode.swift; path = "IQKeyboardManager+Debug.swift"; sourceTree = "<group>"; };
		C9687A47290076FE00881A79 /* IQKeyboardManager+OrientationNotification.swift */ = {isa = PBXFileReference; fileEncoding = 4; lastKnownFileType = sourcecode.swift; path = "IQKeyboardManager+OrientationNotification.swift"; sourceTree = "<group>"; };
		C9687A48290076FE00881A79 /* IQKeyboardManager+Toolbar.swift */ = {isa = PBXFileReference; fileEncoding = 4; lastKnownFileType = sourcecode.swift; path = "IQKeyboardManager+Toolbar.swift"; sourceTree = "<group>"; };
		C9687A49290076FE00881A79 /* IQKeyboardManagerSwift.h */ = {isa = PBXFileReference; fileEncoding = 4; lastKnownFileType = sourcecode.c.h; path = IQKeyboardManagerSwift.h; sourceTree = "<group>"; };
		C9687A4B290076FE00881A79 /* IQUIScrollView+Additions.swift */ = {isa = PBXFileReference; fileEncoding = 4; lastKnownFileType = sourcecode.swift; path = "IQUIScrollView+Additions.swift"; sourceTree = "<group>"; };
		C9687A4C290076FE00881A79 /* IQUIViewController+Additions.swift */ = {isa = PBXFileReference; fileEncoding = 4; lastKnownFileType = sourcecode.swift; path = "IQUIViewController+Additions.swift"; sourceTree = "<group>"; };
		C9687A4D290076FE00881A79 /* IQUITextFieldView+Additions.swift */ = {isa = PBXFileReference; fileEncoding = 4; lastKnownFileType = sourcecode.swift; path = "IQUITextFieldView+Additions.swift"; sourceTree = "<group>"; };
		C9687A4E290076FE00881A79 /* IQUIView+Hierarchy.swift */ = {isa = PBXFileReference; fileEncoding = 4; lastKnownFileType = sourcecode.swift; path = "IQUIView+Hierarchy.swift"; sourceTree = "<group>"; };
		C9687A4F290076FE00881A79 /* IQNSArray+Sort.swift */ = {isa = PBXFileReference; fileEncoding = 4; lastKnownFileType = sourcecode.swift; path = "IQNSArray+Sort.swift"; sourceTree = "<group>"; };
		C9687A50290076FE00881A79 /* IQKeyboardManager+UITextFieldViewNotification.swift */ = {isa = PBXFileReference; fileEncoding = 4; lastKnownFileType = sourcecode.swift; path = "IQKeyboardManager+UITextFieldViewNotification.swift"; sourceTree = "<group>"; };
		C9FC8AF328FF348E004E54E1 /* ProfileViewCell.swift */ = {isa = PBXFileReference; lastKnownFileType = sourcecode.swift; path = ProfileViewCell.swift; sourceTree = "<group>"; };
		C9FC8AF528FF4115004E54E1 /* SheetViewController.swift */ = {isa = PBXFileReference; lastKnownFileType = sourcecode.swift; path = SheetViewController.swift; sourceTree = "<group>"; };
		C9FC8AFA28FF41CC004E54E1 /* SheetView.swift */ = {isa = PBXFileReference; lastKnownFileType = sourcecode.swift; path = SheetView.swift; sourceTree = "<group>"; };
		C9FC8AFD28FF498B004E54E1 /* ProfileViewModel.swift */ = {isa = PBXFileReference; lastKnownFileType = sourcecode.swift; path = ProfileViewModel.swift; sourceTree = "<group>"; };
		C9FC8AFF28FF55FF004E54E1 /* UsersChoices.swift */ = {isa = PBXFileReference; lastKnownFileType = sourcecode.swift; path = UsersChoices.swift; sourceTree = "<group>"; };
		C9FC8B0228FF5EFA004E54E1 /* SheetViewModel.swift */ = {isa = PBXFileReference; lastKnownFileType = sourcecode.swift; path = SheetViewModel.swift; sourceTree = "<group>"; };
		C9FC8B0428FF630F004E54E1 /* UIViewController+UIAdaptivePresentaionControllerDelegate.swift */ = {isa = PBXFileReference; lastKnownFileType = sourcecode.swift; path = "UIViewController+UIAdaptivePresentaionControllerDelegate.swift"; sourceTree = "<group>"; };
/* End PBXFileReference section */

/* Begin PBXFrameworksBuildPhase section */
		C93D65E928F753C900F32BE6 /* Frameworks */ = {
			isa = PBXFrameworksBuildPhase;
			buildActionMask = 2147483647;
			files = (
				C93D660B28F754F800F32BE6 /* Kingfisher in Frameworks */,
				C93D661228F755BF00F32BE6 /* FirebaseAuth in Frameworks */,
				C93D660528F754BC00F32BE6 /* Moya in Frameworks */,
				C93D661028F755BF00F32BE6 /* FirebaseAnalytics in Frameworks */,
				C93D660828F754DC00F32BE6 /* SnapKit in Frameworks */,
				C93D661628F755C000F32BE6 /* FirebaseFirestore in Frameworks */,
				C93D661A28F755C000F32BE6 /* FirebaseFirestoreSwift in Frameworks */,
				C916F42A28F8A42E000E5B73 /* FirebaseRemoteConfig in Frameworks */,
			);
			runOnlyForDeploymentPostprocessing = 0;
		};
/* End PBXFrameworksBuildPhase section */

/* Begin PBXGroup section */
		C916F41C28F882F2000E5B73 /* Extensions */ = {
			isa = PBXGroup;
			children = (
				C916F41D28F8831B000E5B73 /* String+Extensions.swift */,
				C90335E828FDDFE600D8C7D2 /* FirebaseFirestoreAccessible.swift */,
				C90335ED28FDE38200D8C7D2 /* FirebaseAuthAccessible.swift */,
			);
			path = Extensions;
			sourceTree = "<group>";
		};
		C916F41F28F89ECD000E5B73 /* Main */ = {
			isa = PBXGroup;
			children = (
				C916F42328F89EF0000E5B73 /* ViewModel */,
				C916F42228F89EEA000E5B73 /* Controller */,
				C916F42128F89EE5000E5B73 /* View */,
				C916F42028F89ED5000E5B73 /* Model */,
			);
			path = Main;
			sourceTree = "<group>";
		};
		C916F42028F89ED5000E5B73 /* Model */ = {
			isa = PBXGroup;
			children = (
				C93234BB28FC08F5004443B4 /* RecentPhotosResponse.swift */,
				C93234BF28FC09DF004443B4 /* Photos.swift */,
				C93234BD28FC0984004443B4 /* Photo.swift */,
			);
			path = Model;
			sourceTree = "<group>";
		};
		C916F42128F89EE5000E5B73 /* View */ = {
			isa = PBXGroup;
			children = (
				C916F42628F89F43000E5B73 /* MainView.swift */,
				C93234C828FC467E004443B4 /* MainViewCustomCell.swift */,
			);
			path = View;
			sourceTree = "<group>";
		};
		C916F42228F89EEA000E5B73 /* Controller */ = {
			isa = PBXGroup;
			children = (
				C916F42428F89F15000E5B73 /* MainViewController.swift */,
			);
			path = Controller;
			sourceTree = "<group>";
		};
		C916F42328F89EF0000E5B73 /* ViewModel */ = {
			isa = PBXGroup;
			children = (
				C93234C428FC3973004443B4 /* MainViewViewModel.swift */,
			);
			path = ViewModel;
			sourceTree = "<group>";
		};
		C916F42828F8A42E000E5B73 /* Frameworks */ = {
			isa = PBXGroup;
			children = (
			);
			name = Frameworks;
			sourceTree = "<group>";
		};
		C93234A228FBF002004443B4 /* Core */ = {
			isa = PBXGroup;
			children = (
				C93234C128FC3871004443B4 /* Extensions */,
				C93234A328FBF00C004443B4 /* Network */,
				C9FC8AFF28FF55FF004E54E1 /* UsersChoices.swift */,
			);
			path = Core;
			sourceTree = "<group>";
		};
		C93234A328FBF00C004443B4 /* Network */ = {
			isa = PBXGroup;
			children = (
				C93234A428FBF01E004443B4 /* FlickrApi.swift */,
				C93234CC28FC6FEB004443B4 /* KingfisherOperations.swift */,
				C90335F128FDF6DD00D8C7D2 /* FirebaseFirestoreManagement.swift */,
			);
			path = Network;
			sourceTree = "<group>";
		};
		C93234A628FBFABC004443B4 /* Search */ = {
			isa = PBXGroup;
			children = (
				C93234B228FC0809004443B4 /* ModelView */,
				C93234B128FC07F9004443B4 /* View */,
				C93234AF28FC07EA004443B4 /* Controller */,
			);
			path = Search;
			sourceTree = "<group>";
		};
		C93234A728FBFAC1004443B4 /* Profile */ = {
			isa = PBXGroup;
			children = (
				C9FC8AFC28FF497B004E54E1 /* ViewModel */,
				C93234B628FC0827004443B4 /* ViewController */,
				C93234B528FC0822004443B4 /* View */,
			);
			path = Profile;
			sourceTree = "<group>";
		};
		C93234A828FBFAC8004443B4 /* TabBar */ = {
			isa = PBXGroup;
			children = (
				C93234A928FBFAE8004443B4 /* TabBarViewController.swift */,
			);
			path = TabBar;
			sourceTree = "<group>";
		};
		C93234AF28FC07EA004443B4 /* Controller */ = {
			isa = PBXGroup;
			children = (
				C93234B728FC083E004443B4 /* SearchViewController.swift */,
			);
			path = Controller;
			sourceTree = "<group>";
		};
		C93234B128FC07F9004443B4 /* View */ = {
			isa = PBXGroup;
			children = (
				C93234CE28FCAA23004443B4 /* SearchView.swift */,
				C93234D028FCAA8B004443B4 /* SearchViewCell.swift */,
			);
			path = View;
			sourceTree = "<group>";
		};
		C93234B228FC0809004443B4 /* ModelView */ = {
			isa = PBXGroup;
			children = (
				C93234D228FCAC91004443B4 /* SearchViewModel.swift */,
			);
			path = ModelView;
			sourceTree = "<group>";
		};
		C93234B528FC0822004443B4 /* View */ = {
			isa = PBXGroup;
			children = (
				C90335EF28FDF10F00D8C7D2 /* ProfileView.swift */,
				C9FC8AF328FF348E004E54E1 /* ProfileViewCell.swift */,
			);
			path = View;
			sourceTree = "<group>";
		};
		C93234B628FC0827004443B4 /* ViewController */ = {
			isa = PBXGroup;
			children = (
				C93234B928FC087E004443B4 /* ProfileViewController.swift */,
			);
			path = ViewController;
			sourceTree = "<group>";
		};
		C93234C128FC3871004443B4 /* Extensions */ = {
			isa = PBXGroup;
			children = (
				C93234C228FC387F004443B4 /* Encodable+Extensions.swift */,
				C93234CA28FC5491004443B4 /* CGFloat+Extensions.swift */,
				C9FC8B0428FF630F004E54E1 /* UIViewController+UIAdaptivePresentaionControllerDelegate.swift */,
			);
			path = Extensions;
			sourceTree = "<group>";
		};
		C93D65E328F753C900F32BE6 = {
			isa = PBXGroup;
			children = (
				C93D65EE28F753C900F32BE6 /* FlickerApiApp */,
				C93D65ED28F753C900F32BE6 /* Products */,
				C916F42828F8A42E000E5B73 /* Frameworks */,
			);
			sourceTree = "<group>";
		};
		C93D65ED28F753C900F32BE6 /* Products */ = {
			isa = PBXGroup;
			children = (
				C93D65EC28F753C900F32BE6 /* FlickerApiApp.app */,
			);
			name = Products;
			sourceTree = "<group>";
		};
		C93D65EE28F753C900F32BE6 /* FlickerApiApp */ = {
			isa = PBXGroup;
			children = (
				C93D661D28F7560E00F32BE6 /* App */,
				C93D662128F7564000F32BE6 /* Scenes */,
			);
			path = FlickerApiApp;
			sourceTree = "<group>";
		};
		C93D661D28F7560E00F32BE6 /* App */ = {
			isa = PBXGroup;
			children = (
				C9687A34290076FE00881A79 /* IQKeyboardManagerSwift */,
				C93234A228FBF002004443B4 /* Core */,
				C916F41C28F882F2000E5B73 /* Extensions */,
				C93D662728F7568400F32BE6 /* LaunchScreen */,
				C93D662028F7563700F32BE6 /* Assets */,
				C93D661E28F7561500F32BE6 /* Plists */,
				C93D661F28F7562000F32BE6 /* Delegates */,
			);
			path = App;
			sourceTree = "<group>";
		};
		C93D661E28F7561500F32BE6 /* Plists */ = {
			isa = PBXGroup;
			children = (
				C93D65FD28F753CA00F32BE6 /* Info.plist */,
				C93D661B28F755DE00F32BE6 /* GoogleService-Info.plist */,
				C96879DF2900597700881A79 /* RemoteConfigDefaults.plist */,
			);
			path = Plists;
			sourceTree = "<group>";
		};
		C93D661F28F7562000F32BE6 /* Delegates */ = {
			isa = PBXGroup;
			children = (
				C93D65EF28F753C900F32BE6 /* AppDelegate.swift */,
				C93D65F128F753C900F32BE6 /* SceneDelegate.swift */,
			);
			path = Delegates;
			sourceTree = "<group>";
		};
		C93D662028F7563700F32BE6 /* Assets */ = {
			isa = PBXGroup;
			children = (
				C93234AD28FC011F004443B4 /* Assets.xcassets */,
			);
			path = Assets;
			sourceTree = "<group>";
		};
		C93D662128F7564000F32BE6 /* Scenes */ = {
			isa = PBXGroup;
			children = (
				C9FC8AF728FF417F004E54E1 /* Sheet */,
				C93234A728FBFAC1004443B4 /* Profile */,
				C93234A628FBFABC004443B4 /* Search */,
				C916F41F28F89ECD000E5B73 /* Main */,
				C93234A828FBFAC8004443B4 /* TabBar */,
				C93D662228F7564900F32BE6 /* Authentication */,
			);
			path = Scenes;
			sourceTree = "<group>";
		};
		C93D662228F7564900F32BE6 /* Authentication */ = {
			isa = PBXGroup;
			children = (
				C93D662428F7565700F32BE6 /* View */,
				C93D662328F7564F00F32BE6 /* Controller */,
				C93D662528F7565C00F32BE6 /* ViewModel */,
			);
			path = Authentication;
			sourceTree = "<group>";
		};
		C93D662328F7564F00F32BE6 /* Controller */ = {
			isa = PBXGroup;
			children = (
				C93D65F328F753C900F32BE6 /* AuthenticationViewController.swift */,
			);
			path = Controller;
			sourceTree = "<group>";
		};
		C93D662428F7565700F32BE6 /* View */ = {
			isa = PBXGroup;
			children = (
				C93D660C28F7551F00F32BE6 /* AuthenticationView.swift */,
			);
			path = View;
			sourceTree = "<group>";
		};
		C93D662528F7565C00F32BE6 /* ViewModel */ = {
			isa = PBXGroup;
			children = (
				C96879E12900599A00881A79 /* AuthenticationViewModel.swift */,
			);
			path = ViewModel;
			sourceTree = "<group>";
		};
		C93D662728F7568400F32BE6 /* LaunchScreen */ = {
			isa = PBXGroup;
			children = (
				C93D65FA28F753CA00F32BE6 /* LaunchScreen.storyboard */,
			);
			path = LaunchScreen;
			sourceTree = "<group>";
		};
		C9687A34290076FE00881A79 /* IQKeyboardManagerSwift */ = {
			isa = PBXGroup;
			children = (
				C9687A35290076FE00881A79 /* IQTextView */,
				C9687A37290076FE00881A79 /* IQKeyboardManager+Internal.swift */,
				C9687A38290076FE00881A79 /* IQToolbar */,
				C9687A3F290076FE00881A79 /* IQKeyboardManager+UIKeyboardNotification.swift */,
				C9687A40290076FE00881A79 /* Constants */,
				C9687A43290076FE00881A79 /* IQKeyboardManager+Position.swift */,
				C9687A44290076FE00881A79 /* IQKeyboardReturnKeyHandler.swift */,
				C9687A45290076FE00881A79 /* IQKeyboardManager.swift */,
				C9687A46290076FE00881A79 /* IQKeyboardManager+Debug.swift */,
				C9687A47290076FE00881A79 /* IQKeyboardManager+OrientationNotification.swift */,
				C9687A48290076FE00881A79 /* IQKeyboardManager+Toolbar.swift */,
				C9687A49290076FE00881A79 /* IQKeyboardManagerSwift.h */,
				C9687A4A290076FE00881A79 /* Categories */,
				C9687A50290076FE00881A79 /* IQKeyboardManager+UITextFieldViewNotification.swift */,
			);
			path = IQKeyboardManagerSwift;
			sourceTree = "<group>";
		};
		C9687A35290076FE00881A79 /* IQTextView */ = {
			isa = PBXGroup;
			children = (
				C9687A36290076FE00881A79 /* IQTextView.swift */,
			);
			path = IQTextView;
			sourceTree = "<group>";
		};
		C9687A38290076FE00881A79 /* IQToolbar */ = {
			isa = PBXGroup;
			children = (
				C9687A39290076FE00881A79 /* IQPreviousNextView.swift */,
				C9687A3A290076FE00881A79 /* IQTitleBarButtonItem.swift */,
				C9687A3B290076FE00881A79 /* IQBarButtonItem.swift */,
				C9687A3C290076FE00881A79 /* IQToolbar.swift */,
				C9687A3D290076FE00881A79 /* IQUIView+IQKeyboardToolbar.swift */,
				C9687A3E290076FE00881A79 /* IQInvocation.swift */,
			);
			path = IQToolbar;
			sourceTree = "<group>";
		};
		C9687A40290076FE00881A79 /* Constants */ = {
			isa = PBXGroup;
			children = (
				C9687A41290076FE00881A79 /* IQKeyboardManagerConstantsInternal.swift */,
				C9687A42290076FE00881A79 /* IQKeyboardManagerConstants.swift */,
			);
			path = Constants;
			sourceTree = "<group>";
		};
		C9687A4A290076FE00881A79 /* Categories */ = {
			isa = PBXGroup;
			children = (
				C9687A4B290076FE00881A79 /* IQUIScrollView+Additions.swift */,
				C9687A4C290076FE00881A79 /* IQUIViewController+Additions.swift */,
				C9687A4D290076FE00881A79 /* IQUITextFieldView+Additions.swift */,
				C9687A4E290076FE00881A79 /* IQUIView+Hierarchy.swift */,
				C9687A4F290076FE00881A79 /* IQNSArray+Sort.swift */,
			);
			path = Categories;
			sourceTree = "<group>";
		};
		C9FC8AF728FF417F004E54E1 /* Sheet */ = {
			isa = PBXGroup;
			children = (
				C9FC8B0128FF5EE9004E54E1 /* ViewModel */,
				C9FC8AF928FF41C2004E54E1 /* View */,
				C9FC8AF828FF418B004E54E1 /* Controller */,
			);
			path = Sheet;
			sourceTree = "<group>";
		};
		C9FC8AF828FF418B004E54E1 /* Controller */ = {
			isa = PBXGroup;
			children = (
				C9FC8AF528FF4115004E54E1 /* SheetViewController.swift */,
			);
			path = Controller;
			sourceTree = "<group>";
		};
		C9FC8AF928FF41C2004E54E1 /* View */ = {
			isa = PBXGroup;
			children = (
				C9FC8AFA28FF41CC004E54E1 /* SheetView.swift */,
			);
			path = View;
			sourceTree = "<group>";
		};
		C9FC8AFC28FF497B004E54E1 /* ViewModel */ = {
			isa = PBXGroup;
			children = (
				C9FC8AFD28FF498B004E54E1 /* ProfileViewModel.swift */,
			);
			path = ViewModel;
			sourceTree = "<group>";
		};
		C9FC8B0128FF5EE9004E54E1 /* ViewModel */ = {
			isa = PBXGroup;
			children = (
				C9FC8B0228FF5EFA004E54E1 /* SheetViewModel.swift */,
			);
			path = ViewModel;
			sourceTree = "<group>";
		};
/* End PBXGroup section */

/* Begin PBXNativeTarget section */
		C93D65EB28F753C900F32BE6 /* FlickerApiApp */ = {
			isa = PBXNativeTarget;
			buildConfigurationList = C93D660028F753CA00F32BE6 /* Build configuration list for PBXNativeTarget "FlickerApiApp" */;
			buildPhases = (
				C93D65E828F753C900F32BE6 /* Sources */,
				C93D65E928F753C900F32BE6 /* Frameworks */,
				C93D65EA28F753C900F32BE6 /* Resources */,
			);
			buildRules = (
			);
			dependencies = (
			);
			name = FlickerApiApp;
			packageProductDependencies = (
				C93D660428F754BC00F32BE6 /* Moya */,
				C93D660728F754DC00F32BE6 /* SnapKit */,
				C93D660A28F754F800F32BE6 /* Kingfisher */,
				C93D660F28F755BF00F32BE6 /* FirebaseAnalytics */,
				C93D661128F755BF00F32BE6 /* FirebaseAuth */,
				C93D661528F755C000F32BE6 /* FirebaseFirestore */,
				C93D661928F755C000F32BE6 /* FirebaseFirestoreSwift */,
				C916F42928F8A42E000E5B73 /* FirebaseRemoteConfig */,
			);
			productName = FlickerApiApp;
			productReference = C93D65EC28F753C900F32BE6 /* FlickerApiApp.app */;
			productType = "com.apple.product-type.application";
		};
/* End PBXNativeTarget section */

/* Begin PBXProject section */
		C93D65E428F753C900F32BE6 /* Project object */ = {
			isa = PBXProject;
			attributes = {
				BuildIndependentTargetsInParallel = 1;
				LastSwiftUpdateCheck = 1400;
				LastUpgradeCheck = 1400;
				TargetAttributes = {
					C93D65EB28F753C900F32BE6 = {
						CreatedOnToolsVersion = 14.0.1;
					};
				};
			};
			buildConfigurationList = C93D65E728F753C900F32BE6 /* Build configuration list for PBXProject "FlickerApiApp" */;
			compatibilityVersion = "Xcode 14.0";
			developmentRegion = en;
			hasScannedForEncodings = 0;
			knownRegions = (
				en,
				Base,
			);
			mainGroup = C93D65E328F753C900F32BE6;
			packageReferences = (
				C93D660328F754BC00F32BE6 /* XCRemoteSwiftPackageReference "Moya" */,
				C93D660628F754DC00F32BE6 /* XCRemoteSwiftPackageReference "SnapKit" */,
				C93D660928F754F800F32BE6 /* XCRemoteSwiftPackageReference "Kingfisher" */,
				C93D660E28F755BF00F32BE6 /* XCRemoteSwiftPackageReference "firebase-ios-sdk" */,
			);
			productRefGroup = C93D65ED28F753C900F32BE6 /* Products */;
			projectDirPath = "";
			projectRoot = "";
			targets = (
				C93D65EB28F753C900F32BE6 /* FlickerApiApp */,
			);
		};
/* End PBXProject section */

/* Begin PBXResourcesBuildPhase section */
		C93D65EA28F753C900F32BE6 /* Resources */ = {
			isa = PBXResourcesBuildPhase;
			buildActionMask = 2147483647;
			files = (
				C93D65FC28F753CA00F32BE6 /* LaunchScreen.storyboard in Resources */,
				C93234AE28FC011F004443B4 /* Assets.xcassets in Resources */,
				C96879E02900597700881A79 /* RemoteConfigDefaults.plist in Resources */,
				C93D661C28F755DE00F32BE6 /* GoogleService-Info.plist in Resources */,
			);
			runOnlyForDeploymentPostprocessing = 0;
		};
/* End PBXResourcesBuildPhase section */

/* Begin PBXSourcesBuildPhase section */
		C93D65E828F753C900F32BE6 /* Sources */ = {
			isa = PBXSourcesBuildPhase;
			buildActionMask = 2147483647;
			files = (
				C93234D328FCAC91004443B4 /* SearchViewModel.swift in Sources */,
				C93234CF28FCAA23004443B4 /* SearchView.swift in Sources */,
				C96879E22900599A00881A79 /* AuthenticationViewModel.swift in Sources */,
				C9687A5A290076FF00881A79 /* IQKeyboardManagerConstantsInternal.swift in Sources */,
				C93234B828FC083E004443B4 /* SearchViewController.swift in Sources */,
				C916F41E28F8831B000E5B73 /* String+Extensions.swift in Sources */,
				C9FC8AF628FF4115004E54E1 /* SheetViewController.swift in Sources */,
				C90335E928FDDFE600D8C7D2 /* FirebaseFirestoreAccessible.swift in Sources */,
				C90335EE28FDE38200D8C7D2 /* FirebaseAuthAccessible.swift in Sources */,
				C90335F228FDF6DD00D8C7D2 /* FirebaseFirestoreManagement.swift in Sources */,
				C9687A58290076FF00881A79 /* IQInvocation.swift in Sources */,
				C9687A55290076FF00881A79 /* IQBarButtonItem.swift in Sources */,
				C9687A5F290076FF00881A79 /* IQKeyboardManager+Debug.swift in Sources */,
				C916F42728F89F43000E5B73 /* MainView.swift in Sources */,
				C93234BC28FC08F5004443B4 /* RecentPhotosResponse.swift in Sources */,
				C9FC8AF428FF348E004E54E1 /* ProfileViewCell.swift in Sources */,
				C93D65F428F753C900F32BE6 /* AuthenticationViewController.swift in Sources */,
				C93234C928FC467E004443B4 /* MainViewCustomCell.swift in Sources */,
				C9687A67290076FF00881A79 /* IQKeyboardManager+UITextFieldViewNotification.swift in Sources */,
				C93D65F028F753C900F32BE6 /* AppDelegate.swift in Sources */,
				C9687A53290076FF00881A79 /* IQPreviousNextView.swift in Sources */,
				C9687A60290076FF00881A79 /* IQKeyboardManager+OrientationNotification.swift in Sources */,
				C9687A59290076FF00881A79 /* IQKeyboardManager+UIKeyboardNotification.swift in Sources */,
				C93234C028FC09DF004443B4 /* Photos.swift in Sources */,
				C9687A63290076FF00881A79 /* IQUIViewController+Additions.swift in Sources */,
				C93234C328FC387F004443B4 /* Encodable+Extensions.swift in Sources */,
				C9FC8B0028FF55FF004E54E1 /* UsersChoices.swift in Sources */,
				C93234BE28FC0984004443B4 /* Photo.swift in Sources */,
				C9687A5E290076FF00881A79 /* IQKeyboardManager.swift in Sources */,
				C9687A66290076FF00881A79 /* IQNSArray+Sort.swift in Sources */,
				C90335F028FDF10F00D8C7D2 /* ProfileView.swift in Sources */,
				C9687A51290076FF00881A79 /* IQTextView.swift in Sources */,
				C9687A56290076FF00881A79 /* IQToolbar.swift in Sources */,
				C93234CD28FC6FEB004443B4 /* KingfisherOperations.swift in Sources */,
				C9687A5B290076FF00881A79 /* IQKeyboardManagerConstants.swift in Sources */,
				C9687A65290076FF00881A79 /* IQUIView+Hierarchy.swift in Sources */,
				C9687A54290076FF00881A79 /* IQTitleBarButtonItem.swift in Sources */,
				C9687A57290076FF00881A79 /* IQUIView+IQKeyboardToolbar.swift in Sources */,
				C9FC8B0328FF5EFA004E54E1 /* SheetViewModel.swift in Sources */,
				C9687A5C290076FF00881A79 /* IQKeyboardManager+Position.swift in Sources */,
				C93234CB28FC5491004443B4 /* CGFloat+Extensions.swift in Sources */,
				C9687A62290076FF00881A79 /* IQUIScrollView+Additions.swift in Sources */,
				C93234AA28FBFAE8004443B4 /* TabBarViewController.swift in Sources */,
				C9FC8B0528FF630F004E54E1 /* UIViewController+UIAdaptivePresentaionControllerDelegate.swift in Sources */,
				C93234BA28FC087E004443B4 /* ProfileViewController.swift in Sources */,
				C93234D128FCAA8B004443B4 /* SearchViewCell.swift in Sources */,
				C916F42528F89F15000E5B73 /* MainViewController.swift in Sources */,
				C9FC8AFE28FF498B004E54E1 /* ProfileViewModel.swift in Sources */,
				C9687A61290076FF00881A79 /* IQKeyboardManager+Toolbar.swift in Sources */,
				C9FC8AFB28FF41CC004E54E1 /* SheetView.swift in Sources */,
				C93D660D28F7551F00F32BE6 /* AuthenticationView.swift in Sources */,
				C93D65F228F753C900F32BE6 /* SceneDelegate.swift in Sources */,
				C9687A5D290076FF00881A79 /* IQKeyboardReturnKeyHandler.swift in Sources */,
				C9687A64290076FF00881A79 /* IQUITextFieldView+Additions.swift in Sources */,
				C93234C528FC3973004443B4 /* MainViewViewModel.swift in Sources */,
				C9687A52290076FF00881A79 /* IQKeyboardManager+Internal.swift in Sources */,
				C93234A528FBF01E004443B4 /* FlickrApi.swift in Sources */,
			);
			runOnlyForDeploymentPostprocessing = 0;
		};
/* End PBXSourcesBuildPhase section */

/* Begin PBXVariantGroup section */
		C93D65FA28F753CA00F32BE6 /* LaunchScreen.storyboard */ = {
			isa = PBXVariantGroup;
			children = (
				C93D65FB28F753CA00F32BE6 /* Base */,
			);
			name = LaunchScreen.storyboard;
			sourceTree = "<group>";
		};
/* End PBXVariantGroup section */

/* Begin XCBuildConfiguration section */
		C93D65FE28F753CA00F32BE6 /* Debug */ = {
			isa = XCBuildConfiguration;
			buildSettings = {
				ALWAYS_SEARCH_USER_PATHS = NO;
				CLANG_ANALYZER_NONNULL = YES;
				CLANG_ANALYZER_NUMBER_OBJECT_CONVERSION = YES_AGGRESSIVE;
				CLANG_CXX_LANGUAGE_STANDARD = "gnu++20";
				CLANG_ENABLE_MODULES = YES;
				CLANG_ENABLE_OBJC_ARC = YES;
				CLANG_ENABLE_OBJC_WEAK = YES;
				CLANG_WARN_BLOCK_CAPTURE_AUTORELEASING = YES;
				CLANG_WARN_BOOL_CONVERSION = YES;
				CLANG_WARN_COMMA = YES;
				CLANG_WARN_CONSTANT_CONVERSION = YES;
				CLANG_WARN_DEPRECATED_OBJC_IMPLEMENTATIONS = YES;
				CLANG_WARN_DIRECT_OBJC_ISA_USAGE = YES_ERROR;
				CLANG_WARN_DOCUMENTATION_COMMENTS = YES;
				CLANG_WARN_EMPTY_BODY = YES;
				CLANG_WARN_ENUM_CONVERSION = YES;
				CLANG_WARN_INFINITE_RECURSION = YES;
				CLANG_WARN_INT_CONVERSION = YES;
				CLANG_WARN_NON_LITERAL_NULL_CONVERSION = YES;
				CLANG_WARN_OBJC_IMPLICIT_RETAIN_SELF = YES;
				CLANG_WARN_OBJC_LITERAL_CONVERSION = YES;
				CLANG_WARN_OBJC_ROOT_CLASS = YES_ERROR;
				CLANG_WARN_QUOTED_INCLUDE_IN_FRAMEWORK_HEADER = YES;
				CLANG_WARN_RANGE_LOOP_ANALYSIS = YES;
				CLANG_WARN_STRICT_PROTOTYPES = YES;
				CLANG_WARN_SUSPICIOUS_MOVE = YES;
				CLANG_WARN_UNGUARDED_AVAILABILITY = YES_AGGRESSIVE;
				CLANG_WARN_UNREACHABLE_CODE = YES;
				CLANG_WARN__DUPLICATE_METHOD_MATCH = YES;
				COPY_PHASE_STRIP = NO;
				DEBUG_INFORMATION_FORMAT = dwarf;
				ENABLE_STRICT_OBJC_MSGSEND = YES;
				ENABLE_TESTABILITY = YES;
				GCC_C_LANGUAGE_STANDARD = gnu11;
				GCC_DYNAMIC_NO_PIC = NO;
				GCC_NO_COMMON_BLOCKS = YES;
				GCC_OPTIMIZATION_LEVEL = 0;
				GCC_PREPROCESSOR_DEFINITIONS = (
					"DEBUG=1",
					"$(inherited)",
				);
				GCC_WARN_64_TO_32_BIT_CONVERSION = YES;
				GCC_WARN_ABOUT_RETURN_TYPE = YES_ERROR;
				GCC_WARN_UNDECLARED_SELECTOR = YES;
				GCC_WARN_UNINITIALIZED_AUTOS = YES_AGGRESSIVE;
				GCC_WARN_UNUSED_FUNCTION = YES;
				GCC_WARN_UNUSED_VARIABLE = YES;
				IPHONEOS_DEPLOYMENT_TARGET = 12.0;
				MTL_ENABLE_DEBUG_INFO = INCLUDE_SOURCE;
				MTL_FAST_MATH = YES;
				ONLY_ACTIVE_ARCH = YES;
				SDKROOT = iphoneos;
				SWIFT_ACTIVE_COMPILATION_CONDITIONS = DEBUG;
				SWIFT_OPTIMIZATION_LEVEL = "-Onone";
			};
			name = Debug;
		};
		C93D65FF28F753CA00F32BE6 /* Release */ = {
			isa = XCBuildConfiguration;
			buildSettings = {
				ALWAYS_SEARCH_USER_PATHS = NO;
				CLANG_ANALYZER_NONNULL = YES;
				CLANG_ANALYZER_NUMBER_OBJECT_CONVERSION = YES_AGGRESSIVE;
				CLANG_CXX_LANGUAGE_STANDARD = "gnu++20";
				CLANG_ENABLE_MODULES = YES;
				CLANG_ENABLE_OBJC_ARC = YES;
				CLANG_ENABLE_OBJC_WEAK = YES;
				CLANG_WARN_BLOCK_CAPTURE_AUTORELEASING = YES;
				CLANG_WARN_BOOL_CONVERSION = YES;
				CLANG_WARN_COMMA = YES;
				CLANG_WARN_CONSTANT_CONVERSION = YES;
				CLANG_WARN_DEPRECATED_OBJC_IMPLEMENTATIONS = YES;
				CLANG_WARN_DIRECT_OBJC_ISA_USAGE = YES_ERROR;
				CLANG_WARN_DOCUMENTATION_COMMENTS = YES;
				CLANG_WARN_EMPTY_BODY = YES;
				CLANG_WARN_ENUM_CONVERSION = YES;
				CLANG_WARN_INFINITE_RECURSION = YES;
				CLANG_WARN_INT_CONVERSION = YES;
				CLANG_WARN_NON_LITERAL_NULL_CONVERSION = YES;
				CLANG_WARN_OBJC_IMPLICIT_RETAIN_SELF = YES;
				CLANG_WARN_OBJC_LITERAL_CONVERSION = YES;
				CLANG_WARN_OBJC_ROOT_CLASS = YES_ERROR;
				CLANG_WARN_QUOTED_INCLUDE_IN_FRAMEWORK_HEADER = YES;
				CLANG_WARN_RANGE_LOOP_ANALYSIS = YES;
				CLANG_WARN_STRICT_PROTOTYPES = YES;
				CLANG_WARN_SUSPICIOUS_MOVE = YES;
				CLANG_WARN_UNGUARDED_AVAILABILITY = YES_AGGRESSIVE;
				CLANG_WARN_UNREACHABLE_CODE = YES;
				CLANG_WARN__DUPLICATE_METHOD_MATCH = YES;
				COPY_PHASE_STRIP = NO;
				DEBUG_INFORMATION_FORMAT = "dwarf-with-dsym";
				ENABLE_NS_ASSERTIONS = NO;
				ENABLE_STRICT_OBJC_MSGSEND = YES;
				GCC_C_LANGUAGE_STANDARD = gnu11;
				GCC_NO_COMMON_BLOCKS = YES;
				GCC_WARN_64_TO_32_BIT_CONVERSION = YES;
				GCC_WARN_ABOUT_RETURN_TYPE = YES_ERROR;
				GCC_WARN_UNDECLARED_SELECTOR = YES;
				GCC_WARN_UNINITIALIZED_AUTOS = YES_AGGRESSIVE;
				GCC_WARN_UNUSED_FUNCTION = YES;
				GCC_WARN_UNUSED_VARIABLE = YES;
				IPHONEOS_DEPLOYMENT_TARGET = 12.0;
				MTL_ENABLE_DEBUG_INFO = NO;
				MTL_FAST_MATH = YES;
				SDKROOT = iphoneos;
				SWIFT_COMPILATION_MODE = wholemodule;
				SWIFT_OPTIMIZATION_LEVEL = "-O";
				VALIDATE_PRODUCT = YES;
			};
			name = Release;
		};
		C93D660128F753CA00F32BE6 /* Debug */ = {
			isa = XCBuildConfiguration;
			buildSettings = {
				ASSETCATALOG_COMPILER_APPICON_NAME = AppIcon;
				ASSETCATALOG_COMPILER_GLOBAL_ACCENT_COLOR_NAME = AccentColor;
				CODE_SIGN_STYLE = Automatic;
				CURRENT_PROJECT_VERSION = 1;
				DEVELOPMENT_TEAM = VUH3GM8HPJ;
				GENERATE_INFOPLIST_FILE = YES;
				INFOPLIST_FILE = FlickerApiApp/App/Plists/Info.plist;
				INFOPLIST_KEY_UIApplicationSupportsIndirectInputEvents = YES;
				INFOPLIST_KEY_UILaunchStoryboardName = LaunchScreen;
				INFOPLIST_KEY_UISupportedInterfaceOrientations_iPad = "UIInterfaceOrientationPortrait UIInterfaceOrientationPortraitUpsideDown UIInterfaceOrientationLandscapeLeft UIInterfaceOrientationLandscapeRight";
				INFOPLIST_KEY_UISupportedInterfaceOrientations_iPhone = "UIInterfaceOrientationPortrait UIInterfaceOrientationLandscapeLeft UIInterfaceOrientationLandscapeRight";
				LD_RUNPATH_SEARCH_PATHS = (
					"$(inherited)",
					"@executable_path/Frameworks",
				);
				MARKETING_VERSION = 1.0;
				PRODUCT_BUNDLE_IDENTIFIER = com.berksu.portfolio.FlickerApiApp;
				PRODUCT_NAME = "$(TARGET_NAME)";
				SWIFT_EMIT_LOC_STRINGS = YES;
				SWIFT_VERSION = 5.0;
				TARGETED_DEVICE_FAMILY = "1,2";
			};
			name = Debug;
		};
		C93D660228F753CA00F32BE6 /* Release */ = {
			isa = XCBuildConfiguration;
			buildSettings = {
				ASSETCATALOG_COMPILER_APPICON_NAME = AppIcon;
				ASSETCATALOG_COMPILER_GLOBAL_ACCENT_COLOR_NAME = AccentColor;
				CODE_SIGN_STYLE = Automatic;
				CURRENT_PROJECT_VERSION = 1;
				DEVELOPMENT_TEAM = VUH3GM8HPJ;
				GENERATE_INFOPLIST_FILE = YES;
				INFOPLIST_FILE = FlickerApiApp/App/Plists/Info.plist;
				INFOPLIST_KEY_UIApplicationSupportsIndirectInputEvents = YES;
				INFOPLIST_KEY_UILaunchStoryboardName = LaunchScreen;
				INFOPLIST_KEY_UISupportedInterfaceOrientations_iPad = "UIInterfaceOrientationPortrait UIInterfaceOrientationPortraitUpsideDown UIInterfaceOrientationLandscapeLeft UIInterfaceOrientationLandscapeRight";
				INFOPLIST_KEY_UISupportedInterfaceOrientations_iPhone = "UIInterfaceOrientationPortrait UIInterfaceOrientationLandscapeLeft UIInterfaceOrientationLandscapeRight";
				LD_RUNPATH_SEARCH_PATHS = (
					"$(inherited)",
					"@executable_path/Frameworks",
				);
				MARKETING_VERSION = 1.0;
				PRODUCT_BUNDLE_IDENTIFIER = com.berksu.portfolio.FlickerApiApp;
				PRODUCT_NAME = "$(TARGET_NAME)";
				SWIFT_EMIT_LOC_STRINGS = YES;
				SWIFT_VERSION = 5.0;
				TARGETED_DEVICE_FAMILY = "1,2";
			};
			name = Release;
		};
/* End XCBuildConfiguration section */

/* Begin XCConfigurationList section */
		C93D65E728F753C900F32BE6 /* Build configuration list for PBXProject "FlickerApiApp" */ = {
			isa = XCConfigurationList;
			buildConfigurations = (
				C93D65FE28F753CA00F32BE6 /* Debug */,
				C93D65FF28F753CA00F32BE6 /* Release */,
			);
			defaultConfigurationIsVisible = 0;
			defaultConfigurationName = Release;
		};
		C93D660028F753CA00F32BE6 /* Build configuration list for PBXNativeTarget "FlickerApiApp" */ = {
			isa = XCConfigurationList;
			buildConfigurations = (
				C93D660128F753CA00F32BE6 /* Debug */,
				C93D660228F753CA00F32BE6 /* Release */,
			);
			defaultConfigurationIsVisible = 0;
			defaultConfigurationName = Release;
		};
/* End XCConfigurationList section */

/* Begin XCRemoteSwiftPackageReference section */
		C93D660328F754BC00F32BE6 /* XCRemoteSwiftPackageReference "Moya" */ = {
			isa = XCRemoteSwiftPackageReference;
			repositoryURL = "https://github.com/Moya/Moya";
			requirement = {
				branch = master;
				kind = branch;
			};
		};
		C93D660628F754DC00F32BE6 /* XCRemoteSwiftPackageReference "SnapKit" */ = {
			isa = XCRemoteSwiftPackageReference;
			repositoryURL = "https://github.com/SnapKit/SnapKit.git";
			requirement = {
				branch = develop;
				kind = branch;
			};
		};
		C93D660928F754F800F32BE6 /* XCRemoteSwiftPackageReference "Kingfisher" */ = {
			isa = XCRemoteSwiftPackageReference;
			repositoryURL = "https://github.com/onevcat/Kingfisher.git";
			requirement = {
				kind = upToNextMajorVersion;
				minimumVersion = 7.0.0;
			};
		};
		C93D660E28F755BF00F32BE6 /* XCRemoteSwiftPackageReference "firebase-ios-sdk" */ = {
			isa = XCRemoteSwiftPackageReference;
			repositoryURL = "https://github.com/firebase/firebase-ios-sdk";
			requirement = {
				branch = master;
				kind = branch;
			};
		};
/* End XCRemoteSwiftPackageReference section */

/* Begin XCSwiftPackageProductDependency section */
		C916F42928F8A42E000E5B73 /* FirebaseRemoteConfig */ = {
			isa = XCSwiftPackageProductDependency;
			package = C93D660E28F755BF00F32BE6 /* XCRemoteSwiftPackageReference "firebase-ios-sdk" */;
			productName = FirebaseRemoteConfig;
		};
		C93D660428F754BC00F32BE6 /* Moya */ = {
			isa = XCSwiftPackageProductDependency;
			package = C93D660328F754BC00F32BE6 /* XCRemoteSwiftPackageReference "Moya" */;
			productName = Moya;
		};
		C93D660728F754DC00F32BE6 /* SnapKit */ = {
			isa = XCSwiftPackageProductDependency;
			package = C93D660628F754DC00F32BE6 /* XCRemoteSwiftPackageReference "SnapKit" */;
			productName = SnapKit;
		};
		C93D660A28F754F800F32BE6 /* Kingfisher */ = {
			isa = XCSwiftPackageProductDependency;
			package = C93D660928F754F800F32BE6 /* XCRemoteSwiftPackageReference "Kingfisher" */;
			productName = Kingfisher;
		};
		C93D660F28F755BF00F32BE6 /* FirebaseAnalytics */ = {
			isa = XCSwiftPackageProductDependency;
			package = C93D660E28F755BF00F32BE6 /* XCRemoteSwiftPackageReference "firebase-ios-sdk" */;
			productName = FirebaseAnalytics;
		};
		C93D661128F755BF00F32BE6 /* FirebaseAuth */ = {
			isa = XCSwiftPackageProductDependency;
			package = C93D660E28F755BF00F32BE6 /* XCRemoteSwiftPackageReference "firebase-ios-sdk" */;
			productName = FirebaseAuth;
		};
		C93D661528F755C000F32BE6 /* FirebaseFirestore */ = {
			isa = XCSwiftPackageProductDependency;
			package = C93D660E28F755BF00F32BE6 /* XCRemoteSwiftPackageReference "firebase-ios-sdk" */;
			productName = FirebaseFirestore;
		};
		C93D661928F755C000F32BE6 /* FirebaseFirestoreSwift */ = {
			isa = XCSwiftPackageProductDependency;
			package = C93D660E28F755BF00F32BE6 /* XCRemoteSwiftPackageReference "firebase-ios-sdk" */;
			productName = FirebaseFirestoreSwift;
		};
/* End XCSwiftPackageProductDependency section */
	};
	rootObject = C93D65E428F753C900F32BE6 /* Project object */;
}
